
Microsoft Visual Studio Solution File, Format Version 12.00
# Visual Studio Version 17
VisualStudioVersion = 17.14.37012.4 d17.14
MinimumVisualStudioVersion = 10.0.40219.1
Project("{8BC9CEB8-8B4A-11D0-8D11-00A0C91BC942}") = "DS12", "DS12.vcxproj", "{EA40F4B5-9309-4F1B-9B7F-8A08F9FEC5CF}"
EndProject
Global
	GlobalSection(SolutionConfigurationPlatforms) = preSolution
		Debug|ARM64 = Debug|ARM64
		Debug|x64 = Debug|x64
		Debug|x86 = Debug|x86
		Release|ARM64 = Release|ARM64
		Release|x64 = Release|x64
		Release|x86 = Release|x86
	EndGlobalSection
	GlobalSection(ProjectConfigurationPlatforms) = postSolution
		{EA40F4B5-9309-4F1B-9B7F-8A08F9FEC5CF}.Debug|ARM64.ActiveCfg = Debug|ARM64
		{EA40F4B5-9309-4F1B-9B7F-8A08F9FEC5CF}.Debug|ARM64.Build.0 = Debug|ARM64
		{EA40F4B5-9309-4F1B-9B7F-8A08F9FEC5CF}.Debug|x64.ActiveCfg = Debug|x64
		{EA40F4B5-9309-4F1B-9B7F-8A08F9FEC5CF}.Debug|x64.Build.0 = Debug|x64
		{EA40F4B5-9309-4F1B-9B7F-8A08F9FEC5CF}.Debug|x86.ActiveCfg = Debug|Win32
		{EA40F4B5-9309-4F1B-9B7F-8A08F9FEC5CF}.Debug|x86.Build.0 = Debug|Win32
		{EA40F4B5-9309-4F1B-9B7F-8A08F9FEC5CF}.Release|ARM64.ActiveCfg = Release|ARM64
		{EA40F4B5-9309-4F1B-9B7F-8A08F9FEC5CF}.Release|ARM64.Build.0 = Release|ARM64
		{EA40F4B5-9309-4F1B-9B7F-8A08F9FEC5CF}.Release|x64.ActiveCfg = Release|x64
		{EA40F4B5-9309-4F1B-9B7F-8A08F9FEC5CF}.Release|x64.Build.0 = Release|x64
		{EA40F4B5-9309-4F1B-9B7F-8A08F9FEC5CF}.Release|x86.ActiveCfg = Release|Win32
		{EA40F4B5-9309-4F1B-9B7F-8A08F9FEC5CF}.Release|x86.Build.0 = Release|Win32
	EndGlobalSection
	GlobalSection(SolutionProperties) = preSolution
		HideSolutionNode = FALSE
	EndGlobalSection
	GlobalSection(ExtensibilityGlobals) = postSolution
		SolutionGuid = {A7FD6D4B-9B99-4091-B169-C1F2CCE305D8}
	EndGlobalSection
EndGlobal
